Microsoft Visual Studio Solution File, Format Version 12.00
# Visual Studio 15
VisualStudioVersion = 15.0.26403.7
MinimumVisualStudioVersion = 10.0.40219.1
Project("{FAE04EC0-301F-11D3-BF4B-00C04F79EFBC}") = "Azalea", "azalea\Azalea.csproj", "{464C87B4-F730-4369-BF5F-B34A913A3E67}"
EndProject
Project("{FAE04EC0-301F-11D3-BF4B-00C04F79EFBC}") = "AzaleaGUI", "AzaleaGUI\AzaleaGUI.csproj", "{A838D527-B164-4C89-A705-AF9BBAF7379D}"
EndProject
Project("{FAE04EC0-301F-11D3-BF4B-00C04F79EFBC}") = "AzaleaTest", "AzaleaTest\AzaleaTest.csproj", "{6DE27A43-00C0-4127-B825-CFADC48923D2}"
EndProject
Global
	GlobalSection(SolutionConfigurationPlatforms) = preSolution
		Debug|Any CPU = Debug|Any CPU
		Release|Any CPU = Release|Any CPU
	EndGlobalSection
	GlobalSection(ProjectConfigurationPlatforms) = postSolution
		{464C87B4-F730-4369-BF5F-B34A913A3E67}.Debug|Any CPU.ActiveCfg = Debug|Any CPU
		{464C87B4-F730-4369-BF5F-B34A913A3E67}.Debug|Any CPU.Build.0 = Debug|Any CPU
		{464C87B4-F730-4369-BF5F-B34A913A3E67}.Release|Any CPU.ActiveCfg = Release|Any CPU
		{464C87B4-F730-4369-BF5F-B34A913A3E67}.Release|Any CPU.Build.0 = Release|Any CPU
		{A838D527-B164-4C89-A705-AF9BBAF7379D}.Debug|Any CPU.ActiveCfg = Debug|Any CPU
		{A838D527-B164-4C89-A705-AF9BBAF7379D}.Debug|Any CPU.Build.0 = Debug|Any CPU
		{A838D527-B164-4C89-A705-AF9BBAF7379D}.Release|Any CPU.ActiveCfg = Release|Any CPU
		{A838D527-B164-4C89-A705-AF9BBAF7379D}.Release|Any CPU.Build.0 = Release|Any CPU
		{6DE27A43-00C0-4127-B825-CFADC48923D2}.Debug|Any CPU.ActiveCfg = Debug|Any CPU
		{6DE27A43-00C0-4127-B825-CFADC48923D2}.Debug|Any CPU.Build.0 = Debug|Any CPU
		{6DE27A43-00C0-4127-B825-CFADC48923D2}.Release|Any CPU.ActiveCfg = Release|Any CPU
		{6DE27A43-00C0-4127-B825-CFADC48923D2}.Release|Any CPU.Build.0 = Release|Any CPU
	EndGlobalSection
	GlobalSection(SolutionProperties) = preSolution
		HideSolutionNode = FALSE
	EndGlobalSection
EndGlobal
